
Microsoft Visual Studio Solution File, Format Version 12.00
# Visual Studio 14
VisualStudioVersion = 14.0.24720.0
MinimumVisualStudioVersion = 10.0.40219.1
Project("{FAE04EC0-301F-11D3-BF4B-00C04F79EFBC}") = "ContestApp", "ContestApp\ContestApp.csproj", "{A21461B7-CAFC-4348-82C3-F1F81F0F798E}"
EndProject
Project("{FAE04EC0-301F-11D3-BF4B-00C04F79EFBC}") = "ContestApp.Tests", "ContestApp.Tests\ContestApp.Tests.csproj", "{7929F495-E196-475A-8EEC-628EED3B225A}"
EndProject
Project("{FAE04EC0-301F-11D3-BF4B-00C04F79EFBC}") = "BO", "BO\BO.csproj", "{18ACD033-DF9B-4FAD-B871-B0723B1C2ECB}"
EndProject
Global
	GlobalSection(SolutionConfigurationPlatforms) = preSolution
		Debug|Any CPU = Debug|Any CPU
		Release|Any CPU = Release|Any CPU
	EndGlobalSection
	GlobalSection(ProjectConfigurationPlatforms) = postSolution
		{A21461B7-CAFC-4348-82C3-F1F81F0F798E}.Debug|Any CPU.ActiveCfg = Debug|Any CPU
		{A21461B7-CAFC-4348-82C3-F1F81F0F798E}.Debug|Any CPU.Build.0 = Debug|Any CPU
		{A21461B7-CAFC-4348-82C3-F1F81F0F798E}.Release|Any CPU.ActiveCfg = Release|Any CPU
		{A21461B7-CAFC-4348-82C3-F1F81F0F798E}.Release|Any CPU.Build.0 = Release|Any CPU
		{7929F495-E196-475A-8EEC-628EED3B225A}.Debug|Any CPU.ActiveCfg = Debug|Any CPU
		{7929F495-E196-475A-8EEC-628EED3B225A}.Debug|Any CPU.Build.0 = Debug|Any CPU
		{7929F495-E196-475A-8EEC-628EED3B225A}.Release|Any CPU.ActiveCfg = Release|Any CPU
		{7929F495-E196-475A-8EEC-628EED3B225A}.Release|Any CPU.Build.0 = Release|Any CPU
		{18ACD033-DF9B-4FAD-B871-B0723B1C2ECB}.Debug|Any CPU.ActiveCfg = Debug|Any CPU
		{18ACD033-DF9B-4FAD-B871-B0723B1C2ECB}.Debug|Any CPU.Build.0 = Debug|Any CPU
		{18ACD033-DF9B-4FAD-B871-B0723B1C2ECB}.Release|Any CPU.ActiveCfg = Release|Any CPU
		{18ACD033-DF9B-4FAD-B871-B0723B1C2ECB}.Release|Any CPU.Build.0 = Release|Any CPU
	EndGlobalSection
	GlobalSection(SolutionProperties) = preSolution
		HideSolutionNode = FALSE
	EndGlobalSection
EndGlobal
